{
  "name": "cine2nerdle-bot-own",
  "lockfileVersion": 3,
  "requires": true,
  "packages": {
    "": {
      "dependencies": {
        "themoviedb-javascript-library": "^3.0.3"
      }
    },
    "node_modules/themoviedb-javascript-library": {
      "version": "3.0.3",
      "resolved": "https://registry.npmjs.org/themoviedb-javascript-library/-/themoviedb-javascript-library-3.0.3.tgz",
      "integrity": "sha512-2nts/OdkYlg0UOzE4x/QFYdglMRPJBMJTFf6WnUaACQpZhCUSflBdapyUpSBdmluyaDj+H4f7ZZGaLhqFx3xWA=="
    }
  }
}
